
Microsoft Visual Studio Solution File, Format Version 12.00
# Visual Studio Version 17
VisualStudioVersion = 17.14.36811.4
MinimumVisualStudioVersion = 10.0.40219.1
Project("{FAE04EC0-301F-11D3-BF4B-00C04F79EFBC}") = "RDBExplorer", "RDBExplorer\RDBExplorer.csproj", "{2EC8622E-00D7-4096-A8A2-4032F40D6BBC}"
EndProject
Project("{FAE04EC0-301F-11D3-BF4B-00C04F79EFBC}") = "ImageViewControls", "PictureBox\ImageViewControls.csproj", "{9311305E-4AEB-0A94-F7BA-BE58E468B1BB}"
EndProject
Project("{FAE04EC0-301F-11D3-BF4B-00C04F79EFBC}") = "Be.Windows.Forms.HexBox", "Be.Windows.Forms.HexBox\Be.Windows.Forms.HexBox.csproj", "{07A4627A-DB0D-192D-D4FA-52E0B98BCBB4}"
EndProject
Global
	GlobalSection(SolutionConfigurationPlatforms) = preSolution
		Debug|Any CPU = Debug|Any CPU
		Release|Any CPU = Release|Any CPU
	EndGlobalSection
	GlobalSection(ProjectConfigurationPlatforms) = postSolution
		{2EC8622E-00D7-4096-A8A2-4032F40D6BBC}.Debug|Any CPU.ActiveCfg = Debug|Any CPU
		{2EC8622E-00D7-4096-A8A2-4032F40D6BBC}.Debug|Any CPU.Build.0 = Debug|Any CPU
		{2EC8622E-00D7-4096-A8A2-4032F40D6BBC}.Release|Any CPU.ActiveCfg = Release|Any CPU
		{2EC8622E-00D7-4096-A8A2-4032F40D6BBC}.Release|Any CPU.Build.0 = Release|Any CPU
		{9311305E-4AEB-0A94-F7BA-BE58E468B1BB}.Debug|Any CPU.ActiveCfg = Debug|Any CPU
		{9311305E-4AEB-0A94-F7BA-BE58E468B1BB}.Debug|Any CPU.Build.0 = Debug|Any CPU
		{9311305E-4AEB-0A94-F7BA-BE58E468B1BB}.Release|Any CPU.ActiveCfg = Release|Any CPU
		{9311305E-4AEB-0A94-F7BA-BE58E468B1BB}.Release|Any CPU.Build.0 = Release|Any CPU
		{07A4627A-DB0D-192D-D4FA-52E0B98BCBB4}.Debug|Any CPU.ActiveCfg = Debug|Any CPU
		{07A4627A-DB0D-192D-D4FA-52E0B98BCBB4}.Debug|Any CPU.Build.0 = Debug|Any CPU
		{07A4627A-DB0D-192D-D4FA-52E0B98BCBB4}.Release|Any CPU.ActiveCfg = Release|Any CPU
		{07A4627A-DB0D-192D-D4FA-52E0B98BCBB4}.Release|Any CPU.Build.0 = Release|Any CPU
	EndGlobalSection
	GlobalSection(SolutionProperties) = preSolution
		HideSolutionNode = FALSE
	EndGlobalSection
	GlobalSection(ExtensibilityGlobals) = postSolution
		SolutionGuid = {AED00C23-B057-4834-8A5F-6C1E18FF58DA}
	EndGlobalSection
EndGlobal
